
Microsoft Visual Studio Solution File, Format Version 12.00
# Visual Studio 15
VisualStudioVersion = 15.0.26430.16
MinimumVisualStudioVersion = 10.0.40219.1
Project("{FAE04EC0-301F-11D3-BF4B-00C04F79EFBC}") = "1210dma", "1210dma.csproj", "{9DEADB2B-C0A4-4ED7-A012-438D848C46DE}"
EndProject
Global
	GlobalSection(SolutionConfigurationPlatforms) = preSolution
		Debug|Any CPU = Debug|Any CPU
		Debug|x64 = Debug|x64
		Debug|x86 = Debug|x86
		Release|Any CPU = Release|Any CPU
		Release|x64 = Release|x64
		Release|x86 = Release|x86
	EndGlobalSection
	GlobalSection(ProjectConfigurationPlatforms) = postSolution
		{9DEADB2B-C0A4-4ED7-A012-438D848C46DE}.Debug|Any CPU.ActiveCfg = Debug|Any CPU
		{9DEADB2B-C0A4-4ED7-A012-438D848C46DE}.Debug|Any CPU.Build.0 = Debug|Any CPU
		{9DEADB2B-C0A4-4ED7-A012-438D848C46DE}.Debug|x64.ActiveCfg = Debug|x64
		{9DEADB2B-C0A4-4ED7-A012-438D848C46DE}.Debug|x64.Build.0 = Debug|x64
		{9DEADB2B-C0A4-4ED7-A012-438D848C46DE}.Debug|x86.ActiveCfg = Debug|x86
		{9DEADB2B-C0A4-4ED7-A012-438D848C46DE}.Debug|x86.Build.0 = Debug|x86
		{9DEADB2B-C0A4-4ED7-A012-438D848C46DE}.Release|Any CPU.ActiveCfg = Release|Any CPU
		{9DEADB2B-C0A4-4ED7-A012-438D848C46DE}.Release|Any CPU.Build.0 = Release|Any CPU
		{9DEADB2B-C0A4-4ED7-A012-438D848C46DE}.Release|x64.ActiveCfg = Release|x64
		{9DEADB2B-C0A4-4ED7-A012-438D848C46DE}.Release|x64.Build.0 = Release|x64
		{9DEADB2B-C0A4-4ED7-A012-438D848C46DE}.Release|x86.ActiveCfg = Release|x86
		{9DEADB2B-C0A4-4ED7-A012-438D848C46DE}.Release|x86.Build.0 = Release|x86
	EndGlobalSection
	GlobalSection(SolutionProperties) = preSolution
		HideSolutionNode = FALSE
	EndGlobalSection
	GlobalSection(ExtensibilityGlobals) = postSolution
		SolutionGuid = {9C0BB8CF-DFDB-4C61-B29B-ACED07AE141C}
	EndGlobalSection
EndGlobal
