
Microsoft Visual Studio Solution File, Format Version 11.00
# Visual Studio 2010
Project("{FAE04EC0-301F-11D3-BF4B-00C04F79EFBC}") = "AIO_Simultaneous_UI", "AIO_Simultaneous_UI.csproj", "{CA4751C1-74F0-4D48-B9AF-A8C6A41BC001}"
EndProject
Global
	GlobalSection(SolutionConfigurationPlatforms) = preSolution
		Debug|x86 = Debug|x86
		Release|x86 = Release|x86
	EndGlobalSection
	GlobalSection(ProjectConfigurationPlatforms) = postSolution
		{CA4751C1-74F0-4D48-B9AF-A8C6A41BC001}.Debug|x86.ActiveCfg = Debug|x86
		{CA4751C1-74F0-4D48-B9AF-A8C6A41BC001}.Debug|x86.Build.0 = Debug|x86
		{CA4751C1-74F0-4D48-B9AF-A8C6A41BC001}.Release|x86.ActiveCfg = Release|x86
		{CA4751C1-74F0-4D48-B9AF-A8C6A41BC001}.Release|x86.Build.0 = Release|x86
	EndGlobalSection
	GlobalSection(SolutionProperties) = preSolution
		HideSolutionNode = FALSE
	EndGlobalSection
EndGlobal
