
Microsoft Visual Studio Solution File, Format Version 11.00
# Visual Studio 2010
Project("{8BC9CEB8-8B4A-11D0-8D11-00A0C91BC942}") = "AIO_SNR_THD", "AIO_SNR_THD.vcxproj", "{B85357E3-186E-3AE9-66DD-5B8562266F51}"
EndProject
Global
	GlobalSection(SolutionConfigurationPlatforms) = preSolution
		Debug|Win32 = Debug|Win32
		Release|Win32 = Release|Win32
	EndGlobalSection
	GlobalSection(ProjectConfigurationPlatforms) = postSolution
		{B85357E3-186E-3AE9-66DD-5B8562266F51}.Debug|Win32.ActiveCfg = Debug|Win32
		{B85357E3-186E-3AE9-66DD-5B8562266F51}.Debug|Win32.Build.0 = Debug|Win32
		{B85357E3-186E-3AE9-66DD-5B8562266F51}.Release|Win32.ActiveCfg = Release|Win32
		{B85357E3-186E-3AE9-66DD-5B8562266F51}.Release|Win32.Build.0 = Release|Win32
	EndGlobalSection
	GlobalSection(SolutionProperties) = preSolution
		HideSolutionNode = FALSE
	EndGlobalSection
EndGlobal
