
Microsoft Visual Studio Solution File, Format Version 11.00
# Visual Studio 2010
Project("{8BC9CEB8-8B4A-11D0-8D11-00A0C91BC942}") = "pxi_9848_simultaneous", "pxi_9848_simultaneous.vcxproj", "{1E960C94-1E53-455A-BDD6-12FDB15C7AF3}"
EndProject
Global
	GlobalSection(SolutionConfigurationPlatforms) = preSolution
		Debug|Win32 = Debug|Win32
		Release|Win32 = Release|Win32
	EndGlobalSection
	GlobalSection(ProjectConfigurationPlatforms) = postSolution
		{1E960C94-1E53-455A-BDD6-12FDB15C7AF3}.Debug|Win32.ActiveCfg = Debug|Win32
		{1E960C94-1E53-455A-BDD6-12FDB15C7AF3}.Debug|Win32.Build.0 = Debug|Win32
		{1E960C94-1E53-455A-BDD6-12FDB15C7AF3}.Release|Win32.ActiveCfg = Release|Win32
		{1E960C94-1E53-455A-BDD6-12FDB15C7AF3}.Release|Win32.Build.0 = Release|Win32
	EndGlobalSection
	GlobalSection(SolutionProperties) = preSolution
		HideSolutionNode = FALSE
	EndGlobalSection
EndGlobal
